# Generated by pub
# See https://dart.dev/tools/pub/glossary#lockfile
packages:
  archive:
    dependency: transitive
    description:
      name: archive
      sha256: a96e8b390886ee8abb49b7bd3ac8df6f451c621619f52a26e815fdcf568959ff
      url: "https://pub.dev"
    source: hosted
    version: "4.0.9"
  args:
    dependency: transitive
    description:
      name: args
      sha256: d0481093c50b1da8910eb0bb301626d4d8eb7284aa739614d2b394ee09e3ea04
      url: "https://pub.dev"
    source: hosted
    version: "2.7.0"
  asn1lib:
    dependency: transitive
    description:
      name: asn1lib
      sha256: "9a8f69025044eb466b9b60ef3bc3ac99b4dc6c158ae9c56d25eeccf5bc56d024"
      url: "https://pub.dev"
    source: hosted
    version: "1.6.5"
  async:
    dependency: transitive
    description:
      name: async
      sha256: e2eb0491ba5ddb6177742d2da23904574082139b07c1e33b8503b9f46f3e1a37
      url: "https://pub.dev"
    source: hosted
    version: "2.13.1"
  at_auth:
    dependency: transitive
    description:
      name: at_auth
      sha256: "05e1965c275f68ec4b91064ff539e3676a9cbdddd0dbc33f75f69f4fc8738e13"
      url: "https://pub.dev"
    source: hosted
    version: "3.3.0"
  at_base2e15:
    dependency: transitive
    description:
      name: at_base2e15
      sha256: "06ee6ffba9b3439f1c41f9bf0c01f579ce0a8b25f42da8c374ba3a14d721937f"
      url: "https://pub.dev"
    source: hosted
    version: "1.0.0"
  at_chops:
    dependency: transitive
    description:
      name: at_chops
      sha256: "0ed0084d583f4cf7d2fb0290a7d4e941e83f537b79fffd33247199b715fb7ca1"
      url: "https://pub.dev"
    source: hosted
    version: "3.5.0"
  at_client:
    dependency: "direct main"
    description:
      name: at_client
      sha256: "36fc9cea514ad7e12d08268d7295b892a51aa75f7d7e828a311f52063f3b1413"
      url: "https://pub.dev"
    source: hosted
    version: "3.14.0"
  at_commons:
    dependency: transitive
    description:
      name: at_commons
      sha256: "1613e02e69206f2e864a73a15be529e73469135c21ef33b132b4761112fde3e4"
      url: "https://pub.dev"
    source: hosted
    version: "5.15.0"
  at_demo_data:
    dependency: transitive
    description:
      name: at_demo_data
      sha256: "685f237e82af669d1f2f470a0c02b7ba4647b0452412aa41cf5da4faf58ba22b"
      url: "https://pub.dev"
    source: hosted
    version: "1.2.0"
  at_lookup:
    dependency: transitive
    description:
      name: at_lookup
      sha256: b0de98ac917e1ca35c50ec8d29917fa6c9e244470e0eed589564883bbfe49d58
      url: "https://pub.dev"
    source: hosted
    version: "3.6.1"
  at_persistence_secondary_server:
    dependency: transitive
    description:
      name: at_persistence_secondary_server
      sha256: ef07f163dc2ea5eeeba26e121c840bdc263f268b6e0db18ca66fda0838b84d13
      url: "https://pub.dev"
    source: hosted
    version: "5.2.1"
  at_server_status:
    dependency: transitive
    description:
      name: at_server_status
      sha256: bbce2d6226b5a381a5462ba99afc6e6d677043263a4eb659a731d0f51465bc54
      url: "https://pub.dev"
    source: hosted
    version: "1.1.1"
  at_utf7:
    dependency: transitive
    description:
      name: at_utf7
      sha256: c88e964e307bfe0e53e0048cff1ebf5ab60e23ceb4273f1ca664e724a9a5c5c9
      url: "https://pub.dev"
    source: hosted
    version: "1.0.0"
  at_utils:
    dependency: transitive
    description:
      name: at_utils
      sha256: e974616a816e9f6f3b186f33efea823f345d193b6ea9b42f08d28f35848c4de1
      url: "https://pub.dev"
    source: hosted
    version: "3.4.0"
  better_cryptography:
    dependency: transitive
    description:
      name: better_cryptography
      sha256: "67573ef169a3584710038f92e81b75c7790933af782a83ba8f71893496493de3"
      url: "https://pub.dev"
    source: hosted
    version: "1.0.0+1"
  chalkdart:
    dependency: transitive
    description:
      name: chalkdart
      sha256: "7dcf37e0b3d8dcec8c4ae0420d85aad9b3167d6a759601fd5b0f2b1958746581"
      url: "https://pub.dev"
    source: hosted
    version: "3.1.0"
  clock:
    dependency: transitive
    description:
      name: clock
      sha256: fddb70d9b5277016c77a80201021d40a2247104d9f4aa7bab7157b7e3f05b84b
      url: "https://pub.dev"
    source: hosted
    version: "1.1.2"
  collection:
    dependency: transitive
    description:
      name: collection
      sha256: "2f5709ae4d3d59dd8f7cd309b4e023046b57d8a6c82130785d2b0e5868084e76"
      url: "https://pub.dev"
    source: hosted
    version: "1.19.1"
  convert:
    dependency: transitive
    description:
      name: convert
      sha256: b30acd5944035672bc15c6b7a8b47d773e41e2f17de064350988c5d02adb1c68
      url: "https://pub.dev"
    source: hosted
    version: "3.1.2"
  cron:
    dependency: transitive
    description:
      name: cron
      sha256: d98aa8cdad0cccdb6b098e6a1fb89339c180d8a229145fa4cd8c6fc538f0e35f
      url: "https://pub.dev"
    source: hosted
    version: "0.5.1"
  crypto:
    dependency: transitive
    description:
      name: crypto
      sha256: c8ea0233063ba03258fbcf2ca4d6dadfefe14f02fab57702265467a19f27fadf
      url: "https://pub.dev"
    source: hosted
    version: "3.0.7"
  cryptography:
    dependency: transitive
    description:
      name: cryptography
      sha256: "3eda3029d34ec9095a27a198ac9785630fe525c0eb6a49f3d575272f8e792ef0"
      url: "https://pub.dev"
    source: hosted
    version: "2.9.0"
  crypton:
    dependency: transitive
    description:
      name: crypton
      sha256: "17b6631fbf89e389d421b46629132287ed37d601b2ad1357445826ab85022271"
      url: "https://pub.dev"
    source: hosted
    version: "2.2.1"
  dart_periphery:
    dependency: transitive
    description:
      name: dart_periphery
      sha256: "1c933dae787d65e6e66ee89db4a58ed74dc9213b83cea10c344585a256ca498a"
      url: "https://pub.dev"
    source: hosted
    version: "0.9.20"
  ecdsa:
    dependency: transitive
    description:
      name: ecdsa
      sha256: "13b4e01ac140575cf88ef5e5268f92b8dd0a67a26c60a1b74e67d146068dc246"
      url: "https://pub.dev"
    source: hosted
    version: "0.1.2"
  elliptic:
    dependency: transitive
    description:
      name: elliptic
      sha256: "67931d408faa353bdebac9f7a1df0c3f6f828f4e8439cdf084573cd1601a2f4b"
      url: "https://pub.dev"
    source: hosted
    version: "0.3.12"
  encrypt:
    dependency: transitive
    description:
      name: encrypt
      sha256: "62d9aa4670cc2a8798bab89b39fc71b6dfbacf615de6cf5001fb39f7e4a996a2"
      url: "https://pub.dev"
    source: hosted
    version: "5.0.3"
  ffi:
    dependency: transitive
    description:
      name: ffi
      sha256: "6d7fd89431262d8f3125e81b50d3847a091d846eafcd4fdb88dd06f36d705a45"
      url: "https://pub.dev"
    source: hosted
    version: "2.2.0"
  file:
    dependency: transitive
    description:
      name: file
      sha256: a3b4f84adafef897088c160faf7dfffb7696046cb13ae90b508c2cbc95d3b8d4
      url: "https://pub.dev"
    source: hosted
    version: "7.0.1"
  fixnum:
    dependency: transitive
    description:
      name: fixnum
      sha256: b6dc7065e46c974bc7c5f143080a6764ec7a4be6da1285ececdc37be96de53be
      url: "https://pub.dev"
    source: hosted
    version: "1.1.1"
  hive:
    dependency: transitive
    description:
      name: hive
      sha256: "8dcf6db979d7933da8217edcec84e9df1bdb4e4edc7fc77dbd5aa74356d6d941"
      url: "https://pub.dev"
    source: hosted
    version: "2.2.3"
  http:
    dependency: transitive
    description:
      name: http
      sha256: "87721a4a50b19c7f1d49001e51409bddc46303966ce89a65af4f4e6004896412"
      url: "https://pub.dev"
    source: hosted
    version: "1.6.0"
  http_parser:
    dependency: transitive
    description:
      name: http_parser
      sha256: "178d74305e7866013777bab2c3d8726205dc5a4dd935297175b19a23a2e66571"
      url: "https://pub.dev"
    source: hosted
    version: "4.1.2"
  internet_connection_checker:
    dependency: transitive
    description:
      name: internet_connection_checker
      sha256: "1c683e63e89c9ac66a40748b1b20889fd9804980da732bf2b58d6d5456c8e876"
      url: "https://pub.dev"
    source: hosted
    version: "1.0.0+1"
  js:
    dependency: transitive
    description:
      name: js
      sha256: f2c445dce49627136094980615a031419f7f3eb393237e4ecd97ac15dea343f3
      url: "https://pub.dev"
    source: hosted
    version: "0.6.7"
  json_annotation:
    dependency: transitive
    description:
      name: json_annotation
      sha256: "2a743920d81b7910627f68ee2c9ac1fc0bfee32b9fc3403587d7c6791ca12f80"
      url: "https://pub.dev"
    source: hosted
    version: "4.12.0"
  lints:
    dependency: "direct dev"
    description:
      name: lints
      sha256: "12f842a479589fea194fe5c5a3095abc7be0c1f2ddfa9a0e76aed1dbd26a87df"
      url: "https://pub.dev"
    source: hosted
    version: "6.1.0"
  logging:
    dependency: transitive
    description:
      name: logging
      sha256: c8245ada5f1717ed44271ed1c26b8ce85ca3228fd2ffdb75468ab01979309d61
      url: "https://pub.dev"
    source: hosted
    version: "1.3.0"
  meta:
    dependency: transitive
    description:
      name: meta
      sha256: "307249ce4ff29d58a18e97f6345f539382eb9c9c29ecda628900f31de0443dd9"
      url: "https://pub.dev"
    source: hosted
    version: "1.19.0"
  mutex:
    dependency: transitive
    description:
      name: mutex
      sha256: "8827da25de792088eb33e572115a5eb0d61d61a3c01acbc8bcbe76ed78f1a1f2"
      url: "https://pub.dev"
    source: hosted
    version: "3.1.0"
  ninja_asn1:
    dependency: transitive
    description:
      name: ninja_asn1
      sha256: b0f04877243fda51c475ec2bcaadb55a92759baee9f02888124c60775760ccf7
      url: "https://pub.dev"
    source: hosted
    version: "2.0.0"
  path:
    dependency: transitive
    description:
      name: path
      sha256: "75cca69d1490965be98c73ceaea117e8a04dd21217b37b292c9ddbec0d955bc5"
      url: "https://pub.dev"
    source: hosted
    version: "1.9.1"
  platform:
    dependency: transitive
    description:
      name: platform
      sha256: "5d6b1b0036a5f331ebc77c850ebc8506cbc1e9416c27e59b439f917a902a4984"
      url: "https://pub.dev"
    source: hosted
    version: "3.1.6"
  pointycastle:
    dependency: transitive
    description:
      name: pointycastle
      sha256: "4be0097fcf3fd3e8449e53730c631200ebc7b88016acecab2b0da2f0149222fe"
      url: "https://pub.dev"
    source: hosted
    version: "3.9.1"
  posix:
    dependency: transitive
    description:
      name: posix
      sha256: bc1bad54ad2b735816e31f8d4600cfde6c7839975085ddfbca48b6c9f7c4044e
      url: "https://pub.dev"
    source: hosted
    version: "6.5.2"
  pq_matrix_scenario:
    dependency: "direct main"
    description:
      path: "../scenario"
      relative: true
    source: path
    version: "1.0.0"
  pqcrypto:
    dependency: transitive
    description:
      name: pqcrypto
      sha256: fa8bd7eac5ccb4389f4003715a79b1b601ca9439cb81d1174a1e06da75306b39
      url: "https://pub.dev"
    source: hosted
    version: "0.3.1"
  process:
    dependency: transitive
    description:
      name: process
      sha256: c6248e4526673988586e8c00bb22a49210c258dc91df5227d5da9748ecf79744
      url: "https://pub.dev"
    source: hosted
    version: "5.0.5"
  source_span:
    dependency: transitive
    description:
      name: source_span
      sha256: "56a02f1f4cd1a2d96303c0144c93bd6d909eea6bee6bf5a0e0b685edbd4c47ab"
      url: "https://pub.dev"
    source: hosted
    version: "1.10.2"
  sqlite3:
    dependency: transitive
    description:
      name: sqlite3
      sha256: "3145bd74dcdb4fd6f5c6dda4d4e4490a8087d7f286a14dee5d37087290f0f8a2"
      url: "https://pub.dev"
    source: hosted
    version: "2.9.4"
  stack_trace:
    dependency: transitive
    description:
      name: stack_trace
      sha256: "8b27215b45d22309b5cddda1aa2b19bdfec9df0e765f2de506401c071d38d1b1"
      url: "https://pub.dev"
    source: hosted
    version: "1.12.1"
  string_scanner:
    dependency: transitive
    description:
      name: string_scanner
      sha256: "921cd31725b72fe181906c6a94d987c78e3b98c2e205b397ea399d4054872b43"
      url: "https://pub.dev"
    source: hosted
    version: "1.4.1"
  term_glyph:
    dependency: transitive
    description:
      name: term_glyph
      sha256: "7f554798625ea768a7518313e58f83891c7f5024f88e46e7182a4558850a4b8e"
      url: "https://pub.dev"
    source: hosted
    version: "1.2.2"
  typed_data:
    dependency: transitive
    description:
      name: typed_data
      sha256: f9049c039ebfeb4cf7a7104a675823cd72dba8297f264b6637062516699fa006
      url: "https://pub.dev"
    source: hosted
    version: "1.4.0"
  uuid:
    dependency: transitive
    description:
      name: uuid
      sha256: "9b129329f58692f6e6578329498a8fe9fbe98f090beb764ffbb8ee2eadd01dcd"
      url: "https://pub.dev"
    source: hosted
    version: "4.6.0"
  version:
    dependency: transitive
    description:
      name: version
      sha256: "3d4140128e6ea10d83da32fef2fa4003fccbf6852217bb854845802f04191f94"
      url: "https://pub.dev"
    source: hosted
    version: "3.0.2"
  web:
    dependency: transitive
    description:
      name: web
      sha256: "868d88a33d8a87b18ffc05f9f030ba328ffefba92d6c127917a2ba740f9cfe4a"
      url: "https://pub.dev"
    source: hosted
    version: "1.1.1"
  yaml:
    dependency: transitive
    description:
      name: yaml
      sha256: b9da305ac7c39faa3f030eccd175340f968459dae4af175130b3fc47e40d76ce
      url: "https://pub.dev"
    source: hosted
    version: "3.1.3"
sdks:
  dart: ">=3.10.0 <4.0.0"
