PODS:
  - at_file_saver (0.0.1):
    - FlutterMacOS
  - biometric_storage (0.0.1):
    - FlutterMacOS
  - device_info_plus (0.0.1):
    - FlutterMacOS
  - FlutterMacOS (1.0.0)
  - package_info_plus (0.0.1):
    - FlutterMacOS
  - path_provider_foundation (0.0.1):
    - Flutter
    - FlutterMacOS

DEPENDENCIES:
  - at_file_saver (from `Flutter/ephemeral/.symlinks/plugins/at_file_saver/macos`)
  - biometric_storage (from `Flutter/ephemeral/.symlinks/plugins/biometric_storage/macos`)
  - device_info_plus (from `Flutter/ephemeral/.symlinks/plugins/device_info_plus/macos`)
  - FlutterMacOS (from `Flutter/ephemeral`)
  - package_info_plus (from `Flutter/ephemeral/.symlinks/plugins/package_info_plus/macos`)
  - path_provider_foundation (from `Flutter/ephemeral/.symlinks/plugins/path_provider_foundation/darwin`)

EXTERNAL SOURCES:
  at_file_saver:
    :path: Flutter/ephemeral/.symlinks/plugins/at_file_saver/macos
  biometric_storage:
    :path: Flutter/ephemeral/.symlinks/plugins/biometric_storage/macos
  device_info_plus:
    :path: Flutter/ephemeral/.symlinks/plugins/device_info_plus/macos
  FlutterMacOS:
    :path: Flutter/ephemeral
  package_info_plus:
    :path: Flutter/ephemeral/.symlinks/plugins/package_info_plus/macos
  path_provider_foundation:
    :path: Flutter/ephemeral/.symlinks/plugins/path_provider_foundation/darwin

SPEC CHECKSUMS:
  at_file_saver: 598610e2f4579e4193faa1187fd4f87ffbfc3a0f
  biometric_storage: 9de0cb4e591e52329ca0da7df42e964db6c526cf
  device_info_plus: 4fb280989f669696856f8b129e4a5e3cd6c48f76
  FlutterMacOS: 8f6f14fa908a6fb3fba0cd85dbd81ec4b251fb24
  package_info_plus: f0052d280d17aa382b932f399edf32507174e870
  path_provider_foundation: 080d55be775b7414fd5a5ef3ac137b97b097e564

PODFILE CHECKSUM: 236401fc2c932af29a9fcf0e97baeeb2d750d367

COCOAPODS: 1.16.2
